{
  "name": "hazel-learnbook",
  "version": "1.0.0",
  "lockfileVersion": 1,
  "requires": true,
  "dependencies": {
    "emojify.js": {
      "version": "1.1.0",
      "resolved": "https://registry.npmmirror.com/emojify.js/-/emojify.js-1.1.0.tgz",
      "integrity": "sha1-B5//IjMHyQB/VweF6OSTXVw5i+s="
    },
    "gitbook-plugin-advanced-emoji": {
      "version": "0.2.2",
      "resolved": "https://registry.npmmirror.com/gitbook-plugin-advanced-emoji/-/gitbook-plugin-advanced-emoji-0.2.2.tgz",
      "integrity": "sha1-CLzGn2KnSc1pIEQ1J2UYyUHDGeM=",
      "requires": {
        "emojify.js": "^1.1.0"
      }
    },
    "gitbook-plugin-alerts": {
      "version": "0.2.0",
      "resolved": "https://registry.npmmirror.com/gitbook-plugin-alerts/-/gitbook-plugin-alerts-0.2.0.tgz",
      "integrity": "sha1-yMd4tBeY+AiwO+uQiCLpKKT74Tc="
    },
    "gitbook-plugin-auto-scroll-table": {
      "version": "0.0.5",
      "resolved": "https://registry.npmmirror.com/gitbook-plugin-auto-scroll-table/-/gitbook-plugin-auto-scroll-table-0.0.5.tgz",
      "integrity": "sha1-WFa87VkIP6stDTj0pyFVIPrjBds="
    },
    "gitbook-plugin-code": {
      "version": "0.1.0",
      "resolved": "https://registry.npmmirror.com/gitbook-plugin-code/-/gitbook-plugin-code-0.1.0.tgz",
      "integrity": "sha1-gRqWALrvdViuGTzufVgQABZn6Xs="
    },
    "gitbook-plugin-codeblock-filename": {
      "version": "0.0.9",
      "resolved": "https://registry.npmmirror.com/gitbook-plugin-codeblock-filename/-/gitbook-plugin-codeblock-filename-0.0.9.tgz",
      "integrity": "sha1-h6njPYlRa5IZ8/bFzSPDXXwstHE="
    },
    "gitbook-plugin-disqus": {
      "version": "0.1.0",
      "resolved": "https://registry.npmmirror.com/gitbook-plugin-disqus/-/gitbook-plugin-disqus-0.1.0.tgz",
      "integrity": "sha1-9gNfnEmHz1/JGA4FpkQ1pngpatY="
    },
    "gitbook-plugin-emphasize": {
      "version": "1.1.0",
      "resolved": "https://registry.npmmirror.com/gitbook-plugin-emphasize/-/gitbook-plugin-emphasize-1.1.0.tgz",
      "integrity": "sha1-hjjLFuXWT8aps6tM9R8IQd8cs90="
    },
    "gitbook-plugin-expandable-chapters-small": {
      "version": "0.1.7",
      "resolved": "https://registry.npmmirror.com/gitbook-plugin-expandable-chapters-small/-/gitbook-plugin-expandable-chapters-small-0.1.7.tgz",
      "integrity": "sha1-r8nll7aFEVb6ewAjH/irk/T+ukw="
    },
    "gitbook-plugin-favicon": {
      "version": "0.0.2",
      "resolved": "https://registry.npmmirror.com/gitbook-plugin-favicon/-/gitbook-plugin-favicon-0.0.2.tgz",
      "integrity": "sha1-s+QWQvFSr8bEU1/ZtjXf4xtMh3I="
    },
    "gitbook-plugin-ga": {
      "version": "1.0.1",
      "resolved": "https://registry.npmmirror.com/gitbook-plugin-ga/-/gitbook-plugin-ga-1.0.1.tgz",
      "integrity": "sha1-yF17jAFkDEuz3DsjGrn+dKpuUhs="
    },
    "gitbook-plugin-github": {
      "version": "2.0.0",
      "resolved": "https://registry.npmmirror.com/gitbook-plugin-github/-/gitbook-plugin-github-2.0.0.tgz",
      "integrity": "sha1-UWbnY8/MQC1DKIC3pshcHFS1ao0="
    },
    "gitbook-plugin-hide-element": {
      "version": "0.0.4",
      "resolved": "https://registry.npmmirror.com/gitbook-plugin-hide-element/-/gitbook-plugin-hide-element-0.0.4.tgz",
      "integrity": "sha1-k6Pedq7r1TUmFZfSV/cYdvDR3DQ="
    },
    "gitbook-plugin-page-footer-ex": {
      "version": "0.1.2",
      "resolved": "https://registry.npmmirror.com/gitbook-plugin-page-footer-ex/-/gitbook-plugin-page-footer-ex-0.1.2.tgz",
      "integrity": "sha1-AgbTvTuDSTyVIUR3ynajak5CyhM=",
      "requires": {
        "moment": "^2.10.6"
      }
    },
    "gitbook-plugin-page-toc": {
      "version": "1.1.1",
      "resolved": "https://registry.npmmirror.com/gitbook-plugin-page-toc/-/gitbook-plugin-page-toc-1.1.1.tgz",
      "integrity": "sha1-YEZUSvoRNEJ2nwwLO0F8H+TfQRs="
    },
    "gitbook-plugin-popup": {
      "version": "0.0.1",
      "resolved": "https://registry.npmmirror.com/gitbook-plugin-popup/-/gitbook-plugin-popup-0.0.1.tgz",
      "integrity": "sha1-6iOOXiSMNc9Lc9KH3fVw8J3/Yzw="
    },
    "gitbook-plugin-search-pro": {
      "version": "2.0.2",
      "resolved": "https://registry.npmmirror.com/gitbook-plugin-search-pro/-/gitbook-plugin-search-pro-2.0.2.tgz",
      "integrity": "sha1-fOduj2XCBESJucaSc2sj+B/mofI=",
      "requires": {
        "html-entities": "1.2.0"
      }
    },
    "gitbook-plugin-sharing-plus": {
      "version": "0.0.2",
      "resolved": "https://registry.npmmirror.com/gitbook-plugin-sharing-plus/-/gitbook-plugin-sharing-plus-0.0.2.tgz",
      "integrity": "sha1-FstYGACikvAbvY19Ic6jID0Jcz8=",
      "requires": {
        "lodash": "^3.10.1"
      }
    },
    "gitbook-plugin-splitter": {
      "version": "0.0.8",
      "resolved": "https://registry.npmmirror.com/gitbook-plugin-splitter/-/gitbook-plugin-splitter-0.0.8.tgz",
      "integrity": "sha1-8rBRMGD8kma0awQYLk7KHUtx+vw="
    },
    "gitbook-plugin-theme-comscore": {
      "version": "0.0.3",
      "resolved": "https://registry.npmmirror.com/gitbook-plugin-theme-comscore/-/gitbook-plugin-theme-comscore-0.0.3.tgz",
      "integrity": "sha1-miVPpKNxNSkgleQ0TyWSErV4H+0="
    },
    "html-entities": {
      "version": "1.2.0",
      "resolved": "https://registry.npmmirror.com/html-entities/-/html-entities-1.2.0.tgz",
      "integrity": "sha1-QZSMr4XOgv7Tbk5qDtNxpmZDeeI="
    },
    "lodash": {
      "version": "3.10.1",
      "resolved": "https://registry.npmmirror.com/lodash/-/lodash-3.10.1.tgz",
      "integrity": "sha1-W/Rejkm6QYnhfUgnid/RW9FAt7Y="
    },
    "moment": {
      "version": "2.29.4",
      "resolved": "https://registry.npmmirror.com/moment/-/moment-2.29.4.tgz",
      "integrity": "sha1-Pb4FKIn+fBsu2Wb8s6dzKJZO8Qg="
    }
  }
}
